
Microsoft Visual Studio Solution File, Format Version 12.00
# Visual Studio Version 16
VisualStudioVersion = 16.0.31402.337
MinimumVisualStudioVersion = 10.0.40219.1
Project("{FAE04EC0-301F-11D3-BF4B-00C04F79EFBC}") = "RestaurantRater", "RestaurantRater\RestaurantRater.csproj", "{4F4D7474-56E6-4BBF-8120-CC42D25F7525}"
EndProject
Global
	GlobalSection(SolutionConfigurationPlatforms) = preSolution
		Debug|Any CPU = Debug|Any CPU
		Release|Any CPU = Release|Any CPU
	EndGlobalSection
	GlobalSection(ProjectConfigurationPlatforms) = postSolution
		{4F4D7474-56E6-4BBF-8120-CC42D25F7525}.Debug|Any CPU.ActiveCfg = Debug|Any CPU
		{4F4D7474-56E6-4BBF-8120-CC42D25F7525}.Debug|Any CPU.Build.0 = Debug|Any CPU
		{4F4D7474-56E6-4BBF-8120-CC42D25F7525}.Release|Any CPU.ActiveCfg = Release|Any CPU
		{4F4D7474-56E6-4BBF-8120-CC42D25F7525}.Release|Any CPU.Build.0 = Release|Any CPU
	EndGlobalSection
	GlobalSection(SolutionProperties) = preSolution
		HideSolutionNode = FALSE
	EndGlobalSection
	GlobalSection(ExtensibilityGlobals) = postSolution
		SolutionGuid = {13A68F17-4455-4E56-9E0F-227F93EADD63}
	EndGlobalSection
EndGlobal
